// !$*UTF8*$!
{
	archiveVersion = 1;
	classes = {
	};
	objectVersion = 56;
	objects = {

/* Begin PBXBuildFile section */
		191A8ED22A0FD710000F2893 /* AppDelegate.swift in Sources */ = {isa = PBXBuildFile; fileRef = 191A8ED12A0FD710000F2893 /* AppDelegate.swift */; };
		191A8ED42A0FD710000F2893 /* SceneDelegate.swift in Sources */ = {isa = PBXBuildFile; fileRef = 191A8ED32A0FD710000F2893 /* SceneDelegate.swift */; };
		191A8EDB2A0FD713000F2893 /* Assets.xcassets in Resources */ = {isa = PBXBuildFile; fileRef = 191A8EDA2A0FD713000F2893 /* Assets.xcassets */; };
		191A8EDE2A0FD713000F2893 /* LaunchScreen.storyboard in Resources */ = {isa = PBXBuildFile; fileRef = 191A8EDC2A0FD713000F2893 /* LaunchScreen.storyboard */; };
		191A8EE92A0FD7AC000F2893 /* ArticlesListViewController.swift in Sources */ = {isa = PBXBuildFile; fileRef = 191A8EE72A0FD7AC000F2893 /* ArticlesListViewController.swift */; };
		191A8EEA2A0FD7AC000F2893 /* ArticlesListViewController.xib in Resources */ = {isa = PBXBuildFile; fileRef = 191A8EE82A0FD7AC000F2893 /* ArticlesListViewController.xib */; };
		19FADA952A0FFBB40048C2B7 /* ArticlesListViewModel.swift in Sources */ = {isa = PBXBuildFile; fileRef = 19FADA942A0FFBB40048C2B7 /* ArticlesListViewModel.swift */; };
		19FADA972A0FFBD80048C2B7 /* ArticlesListCoordinator.swift in Sources */ = {isa = PBXBuildFile; fileRef = 19FADA962A0FFBD80048C2B7 /* ArticlesListCoordinator.swift */; };
		19FADA9F2A0FFDBB0048C2B7 /* ArticlesListRepo.swift in Sources */ = {isa = PBXBuildFile; fileRef = 19FADA9E2A0FFDBB0048C2B7 /* ArticlesListRepo.swift */; };
		19FADAA32A0FFE070048C2B7 /* ArticlesListUseCase.swift in Sources */ = {isa = PBXBuildFile; fileRef = 19FADAA22A0FFE070048C2B7 /* ArticlesListUseCase.swift */; };
		19FADAA52A0FFE7A0048C2B7 /* ArticlesListRepoImpl.swift in Sources */ = {isa = PBXBuildFile; fileRef = 19FADAA42A0FFE7A0048C2B7 /* ArticlesListRepoImpl.swift */; };
		19FADAAA2A100EF70048C2B7 /* ArticlesListResponse.swift in Sources */ = {isa = PBXBuildFile; fileRef = 19FADAA62A100EF60048C2B7 /* ArticlesListResponse.swift */; };
		19FADAAB2A100EF70048C2B7 /* Results.swift in Sources */ = {isa = PBXBuildFile; fileRef = 19FADAA72A100EF70048C2B7 /* Results.swift */; };
		19FADAAC2A100EF70048C2B7 /* MediaMetadata.swift in Sources */ = {isa = PBXBuildFile; fileRef = 19FADAA82A100EF70048C2B7 /* MediaMetadata.swift */; };
		19FADAAD2A100EF70048C2B7 /* Media.swift in Sources */ = {isa = PBXBuildFile; fileRef = 19FADAA92A100EF70048C2B7 /* Media.swift */; };
		19FADAB02A1010C60048C2B7 /* NetworkManager.swift in Sources */ = {isa = PBXBuildFile; fileRef = 19FADAAF2A1010C60048C2B7 /* NetworkManager.swift */; };
		19FADAB32A1027A40048C2B7 /* ArticleUIModel.swift in Sources */ = {isa = PBXBuildFile; fileRef = 19FADAB22A1027A40048C2B7 /* ArticleUIModel.swift */; };
		19FADAB62A102DA70048C2B7 /* URLList.swift in Sources */ = {isa = PBXBuildFile; fileRef = 19FADAB52A102DA70048C2B7 /* URLList.swift */; };
		19FADAB92A1032340048C2B7 /* Constants.swift in Sources */ = {isa = PBXBuildFile; fileRef = 19FADAB82A1032340048C2B7 /* Constants.swift */; };
		19FADABD2A10364C0048C2B7 /* ArticleTableViewCell.swift in Sources */ = {isa = PBXBuildFile; fileRef = 19FADABB2A10364C0048C2B7 /* ArticleTableViewCell.swift */; };
		19FADABE2A10364C0048C2B7 /* ArticleTableViewCell.xib in Resources */ = {isa = PBXBuildFile; fileRef = 19FADABC2A10364C0048C2B7 /* ArticleTableViewCell.xib */; };
		19FADAC82A1042810048C2B7 /* ArticlesTests.swift in Sources */ = {isa = PBXBuildFile; fileRef = 19FADAC72A1042810048C2B7 /* ArticlesTests.swift */; };
		19FADACE2A10434C0048C2B7 /* ArticlesListRepo.swift in Sources */ = {isa = PBXBuildFile; fileRef = 19FADA9E2A0FFDBB0048C2B7 /* ArticlesListRepo.swift */; };
		19FADACF2A1043B10048C2B7 /* ArticlesListResponse.swift in Sources */ = {isa = PBXBuildFile; fileRef = 19FADAA62A100EF60048C2B7 /* ArticlesListResponse.swift */; };
		19FADAD02A1043B60048C2B7 /* Constants.swift in Sources */ = {isa = PBXBuildFile; fileRef = 19FADAB82A1032340048C2B7 /* Constants.swift */; };
		19FADAD12A1043BC0048C2B7 /* URLList.swift in Sources */ = {isa = PBXBuildFile; fileRef = 19FADAB52A102DA70048C2B7 /* URLList.swift */; };
		19FADAD22A1043BF0048C2B7 /* NetworkManager.swift in Sources */ = {isa = PBXBuildFile; fileRef = 19FADAAF2A1010C60048C2B7 /* NetworkManager.swift */; };
		19FADAD32A1043C40048C2B7 /* ArticleTableViewCell.swift in Sources */ = {isa = PBXBuildFile; fileRef = 19FADABB2A10364C0048C2B7 /* ArticleTableViewCell.swift */; };
		19FADAD42A1043CE0048C2B7 /* ArticleTableViewCell.xib in Resources */ = {isa = PBXBuildFile; fileRef = 19FADABC2A10364C0048C2B7 /* ArticleTableViewCell.xib */; };
		19FADAD52A1043D10048C2B7 /* ArticlesListViewController.swift in Sources */ = {isa = PBXBuildFile; fileRef = 191A8EE72A0FD7AC000F2893 /* ArticlesListViewController.swift */; };
		19FADAD62A1043D60048C2B7 /* ArticlesListViewController.xib in Resources */ = {isa = PBXBuildFile; fileRef = 191A8EE82A0FD7AC000F2893 /* ArticlesListViewController.xib */; };
		19FADAD72A1043DA0048C2B7 /* ArticlesListViewModel.swift in Sources */ = {isa = PBXBuildFile; fileRef = 19FADA942A0FFBB40048C2B7 /* ArticlesListViewModel.swift */; };
		19FADAD82A1043DD0048C2B7 /* ArticlesListCoordinator.swift in Sources */ = {isa = PBXBuildFile; fileRef = 19FADA962A0FFBD80048C2B7 /* ArticlesListCoordinator.swift */; };
		19FADAD92A1043E40048C2B7 /* MediaMetadata.swift in Sources */ = {isa = PBXBuildFile; fileRef = 19FADAA82A100EF70048C2B7 /* MediaMetadata.swift */; };
		19FADADA2A1043E70048C2B7 /* Media.swift in Sources */ = {isa = PBXBuildFile; fileRef = 19FADAA92A100EF70048C2B7 /* Media.swift */; };
		19FADADB2A1043EB0048C2B7 /* Results.swift in Sources */ = {isa = PBXBuildFile; fileRef = 19FADAA72A100EF70048C2B7 /* Results.swift */; };
		19FADADC2A1043F20048C2B7 /* ArticleUIModel.swift in Sources */ = {isa = PBXBuildFile; fileRef = 19FADAB22A1027A40048C2B7 /* ArticleUIModel.swift */; };
		19FADADD2A1043F80048C2B7 /* ArticlesListUseCase.swift in Sources */ = {isa = PBXBuildFile; fileRef = 19FADAA22A0FFE070048C2B7 /* ArticlesListUseCase.swift */; };
		19FADADE2A1043FE0048C2B7 /* ArticlesListRepoImpl.swift in Sources */ = {isa = PBXBuildFile; fileRef = 19FADAA42A0FFE7A0048C2B7 /* ArticlesListRepoImpl.swift */; };
/* End PBXBuildFile section */

/* Begin PBXContainerItemProxy section */
		19FADAC92A1042810048C2B7 /* PBXContainerItemProxy */ = {
			isa = PBXContainerItemProxy;
			containerPortal = 191A8EC62A0FD710000F2893 /* Project object */;
			proxyType = 1;
			remoteGlobalIDString = 191A8ECD2A0FD710000F2893;
			remoteInfo = "NY Times Articles";
		};
/* End PBXContainerItemProxy section */

/* Begin PBXFileReference section */
		191A8ECE2A0FD710000F2893 /* NY Times Articles.app */ = {isa = PBXFileReference; explicitFileType = wrapper.application; includeInIndex = 0; path = "NY Times Articles.app"; sourceTree = BUILT_PRODUCTS_DIR; };
		191A8ED12A0FD710000F2893 /* AppDelegate.swift */ = {isa = PBXFileReference; lastKnownFileType = sourcecode.swift; path = AppDelegate.swift; sourceTree = "<group>"; };
		191A8ED32A0FD710000F2893 /* SceneDelegate.swift */ = {isa = PBXFileReference; lastKnownFileType = sourcecode.swift; path = SceneDelegate.swift; sourceTree = "<group>"; };
		191A8EDA2A0FD713000F2893 /* Assets.xcassets */ = {isa = PBXFileReference; lastKnownFileType = folder.assetcatalog; path = Assets.xcassets; sourceTree = "<group>"; };
		191A8EDD2A0FD713000F2893 /* Base */ = {isa = PBXFileReference; lastKnownFileType = file.storyboard; name = Base; path = Base.lproj/LaunchScreen.storyboard; sourceTree = "<group>"; };
		191A8EDF2A0FD713000F2893 /* Info.plist */ = {isa = PBXFileReference; lastKnownFileType = text.plist.xml; path = Info.plist; sourceTree = "<group>"; };
		191A8EE72A0FD7AC000F2893 /* ArticlesListViewController.swift */ = {isa = PBXFileReference; lastKnownFileType = sourcecode.swift; path = ArticlesListViewController.swift; sourceTree = "<group>"; };
		191A8EE82A0FD7AC000F2893 /* ArticlesListViewController.xib */ = {isa = PBXFileReference; lastKnownFileType = file.xib; path = ArticlesListViewController.xib; sourceTree = "<group>"; };
		19FADA942A0FFBB40048C2B7 /* ArticlesListViewModel.swift */ = {isa = PBXFileReference; lastKnownFileType = sourcecode.swift; path = ArticlesListViewModel.swift; sourceTree = "<group>"; };
		19FADA962A0FFBD80048C2B7 /* ArticlesListCoordinator.swift */ = {isa = PBXFileReference; lastKnownFileType = sourcecode.swift; path = ArticlesListCoordinator.swift; sourceTree = "<group>"; };
		19FADA9E2A0FFDBB0048C2B7 /* ArticlesListRepo.swift */ = {isa = PBXFileReference; lastKnownFileType = sourcecode.swift; path = ArticlesListRepo.swift; sourceTree = "<group>"; };
		19FADAA22A0FFE070048C2B7 /* ArticlesListUseCase.swift */ = {isa = PBXFileReference; lastKnownFileType = sourcecode.swift; path = ArticlesListUseCase.swift; sourceTree = "<group>"; };
		19FADAA42A0FFE7A0048C2B7 /* ArticlesListRepoImpl.swift */ = {isa = PBXFileReference; lastKnownFileType = sourcecode.swift; path = ArticlesListRepoImpl.swift; sourceTree = "<group>"; };
		19FADAA62A100EF60048C2B7 /* ArticlesListResponse.swift */ = {isa = PBXFileReference; fileEncoding = 4; lastKnownFileType = sourcecode.swift; path = ArticlesListResponse.swift; sourceTree = "<group>"; };
		19FADAA72A100EF70048C2B7 /* Results.swift */ = {isa = PBXFileReference; fileEncoding = 4; lastKnownFileType = sourcecode.swift; path = Results.swift; sourceTree = "<group>"; };
		19FADAA82A100EF70048C2B7 /* MediaMetadata.swift */ = {isa = PBXFileReference; fileEncoding = 4; lastKnownFileType = sourcecode.swift; path = MediaMetadata.swift; sourceTree = "<group>"; };
		19FADAA92A100EF70048C2B7 /* Media.swift */ = {isa = PBXFileReference; fileEncoding = 4; lastKnownFileType = sourcecode.swift; path = Media.swift; sourceTree = "<group>"; };
		19FADAAF2A1010C60048C2B7 /* NetworkManager.swift */ = {isa = PBXFileReference; lastKnownFileType = sourcecode.swift; path = NetworkManager.swift; sourceTree = "<group>"; };
		19FADAB22A1027A40048C2B7 /* ArticleUIModel.swift */ = {isa = PBXFileReference; lastKnownFileType = sourcecode.swift; path = ArticleUIModel.swift; sourceTree = "<group>"; };
		19FADAB52A102DA70048C2B7 /* URLList.swift */ = {isa = PBXFileReference; lastKnownFileType = sourcecode.swift; path = URLList.swift; sourceTree = "<group>"; };
		19FADAB82A1032340048C2B7 /* Constants.swift */ = {isa = PBXFileReference; lastKnownFileType = sourcecode.swift; path = Constants.swift; sourceTree = "<group>"; };
		19FADABB2A10364C0048C2B7 /* ArticleTableViewCell.swift */ = {isa = PBXFileReference; lastKnownFileType = sourcecode.swift; path = ArticleTableViewCell.swift; sourceTree = "<group>"; };
		19FADABC2A10364C0048C2B7 /* ArticleTableViewCell.xib */ = {isa = PBXFileReference; lastKnownFileType = file.xib; path = ArticleTableViewCell.xib; sourceTree = "<group>"; };
		19FADAC52A1042810048C2B7 /* ArticlesTests.xctest */ = {isa = PBXFileReference; explicitFileType = wrapper.cfbundle; includeInIndex = 0; path = ArticlesTests.xctest; sourceTree = BUILT_PRODUCTS_DIR; };
		19FADAC72A1042810048C2B7 /* ArticlesTests.swift */ = {isa = PBXFileReference; lastKnownFileType = sourcecode.swift; path = ArticlesTests.swift; sourceTree = "<group>"; };
/* End PBXFileReference section */

/* Begin PBXFrameworksBuildPhase section */
		191A8ECB2A0FD710000F2893 /* Frameworks */ = {
			isa = PBXFrameworksBuildPhase;
			buildActionMask = 2147483647;
			files = (
			);
			runOnlyForDeploymentPostprocessing = 0;
		};
		19FADAC22A1042810048C2B7 /* Frameworks */ = {
			isa = PBXFrameworksBuildPhase;
			buildActionMask = 2147483647;
			files = (
			);
			runOnlyForDeploymentPostprocessing = 0;
		};
/* End PBXFrameworksBuildPhase section */

/* Begin PBXGroup section */
		191A8EC52A0FD710000F2893 = {
			isa = PBXGroup;
			children = (
				191A8ED02A0FD710000F2893 /* NY Times Articles */,
				19FADAC62A1042810048C2B7 /* ArticlesTests */,
				191A8ECF2A0FD710000F2893 /* Products */,
			);
			sourceTree = "<group>";
		};
		191A8ECF2A0FD710000F2893 /* Products */ = {
			isa = PBXGroup;
			children = (
				191A8ECE2A0FD710000F2893 /* NY Times Articles.app */,
				19FADAC52A1042810048C2B7 /* ArticlesTests.xctest */,
			);
			name = Products;
			sourceTree = "<group>";
		};
		191A8ED02A0FD710000F2893 /* NY Times Articles */ = {
			isa = PBXGroup;
			children = (
				19FADAB72A1032130048C2B7 /* Constants */,
				19FADAAE2A1010780048C2B7 /* network */,
				19FADA902A0FFB2F0048C2B7 /* articles module */,
				191A8ED12A0FD710000F2893 /* AppDelegate.swift */,
				191A8ED32A0FD710000F2893 /* SceneDelegate.swift */,
				191A8EDA2A0FD713000F2893 /* Assets.xcassets */,
				191A8EDC2A0FD713000F2893 /* LaunchScreen.storyboard */,
				191A8EDF2A0FD713000F2893 /* Info.plist */,
			);
			path = "NY Times Articles";
			sourceTree = "<group>";
		};
		19FADA902A0FFB2F0048C2B7 /* articles module */ = {
			isa = PBXGroup;
			children = (
				19FADA932A0FFB610048C2B7 /* presentation */,
				19FADA922A0FFB560048C2B7 /* data */,
				19FADA912A0FFB4F0048C2B7 /* domain */,
			);
			path = "articles module";
			sourceTree = "<group>";
		};
		19FADA912A0FFB4F0048C2B7 /* domain */ = {
			isa = PBXGroup;
			children = (
				19FADAB12A1027830048C2B7 /* models */,
				19FADA992A0FFD570048C2B7 /* use case */,
				19FADA9C2A0FFD7E0048C2B7 /* repoImpl */,
			);
			path = domain;
			sourceTree = "<group>";
		};
		19FADA922A0FFB560048C2B7 /* data */ = {
			isa = PBXGroup;
			children = (
				19FADA9D2A0FFD890048C2B7 /* entities */,
				19FADA9A2A0FFD650048C2B7 /* repo */,
			);
			path = data;
			sourceTree = "<group>";
		};
		19FADA932A0FFB610048C2B7 /* presentation */ = {
			isa = PBXGroup;
			children = (
				19FADABA2A1036240048C2B7 /* tableCell */,
				191A8EE72A0FD7AC000F2893 /* ArticlesListViewController.swift */,
				191A8EE82A0FD7AC000F2893 /* ArticlesListViewController.xib */,
				19FADA942A0FFBB40048C2B7 /* ArticlesListViewModel.swift */,
				19FADA962A0FFBD80048C2B7 /* ArticlesListCoordinator.swift */,
			);
			path = presentation;
			sourceTree = "<group>";
		};
		19FADA992A0FFD570048C2B7 /* use case */ = {
			isa = PBXGroup;
			children = (
				19FADAA22A0FFE070048C2B7 /* ArticlesListUseCase.swift */,
			);
			path = "use case";
			sourceTree = "<group>";
		};
		19FADA9A2A0FFD650048C2B7 /* repo */ = {
			isa = PBXGroup;
			children = (
				19FADA9E2A0FFDBB0048C2B7 /* ArticlesListRepo.swift */,
			);
			path = repo;
			sourceTree = "<group>";
		};
		19FADA9C2A0FFD7E0048C2B7 /* repoImpl */ = {
			isa = PBXGroup;
			children = (
				19FADAA42A0FFE7A0048C2B7 /* ArticlesListRepoImpl.swift */,
			);
			path = repoImpl;
			sourceTree = "<group>";
		};
		19FADA9D2A0FFD890048C2B7 /* entities */ = {
			isa = PBXGroup;
			children = (
				19FADAA62A100EF60048C2B7 /* ArticlesListResponse.swift */,
				19FADAA82A100EF70048C2B7 /* MediaMetadata.swift */,
				19FADAA92A100EF70048C2B7 /* Media.swift */,
				19FADAA72A100EF70048C2B7 /* Results.swift */,
			);
			path = entities;
			sourceTree = "<group>";
		};
		19FADAAE2A1010780048C2B7 /* network */ = {
			isa = PBXGroup;
			children = (
				19FADAB42A102D860048C2B7 /* URLS */,
				19FADAAF2A1010C60048C2B7 /* NetworkManager.swift */,
			);
			path = network;
			sourceTree = "<group>";
		};
		19FADAB12A1027830048C2B7 /* models */ = {
			isa = PBXGroup;
			children = (
				19FADAB22A1027A40048C2B7 /* ArticleUIModel.swift */,
			);
			path = models;
			sourceTree = "<group>";
		};
		19FADAB42A102D860048C2B7 /* URLS */ = {
			isa = PBXGroup;
			children = (
				19FADAB52A102DA70048C2B7 /* URLList.swift */,
			);
			path = URLS;
			sourceTree = "<group>";
		};
		19FADAB72A1032130048C2B7 /* Constants */ = {
			isa = PBXGroup;
			children = (
				19FADAB82A1032340048C2B7 /* Constants.swift */,
			);
			path = Constants;
			sourceTree = "<group>";
		};
		19FADABA2A1036240048C2B7 /* tableCell */ = {
			isa = PBXGroup;
			children = (
				19FADABB2A10364C0048C2B7 /* ArticleTableViewCell.swift */,
				19FADABC2A10364C0048C2B7 /* ArticleTableViewCell.xib */,
			);
			path = tableCell;
			sourceTree = "<group>";
		};
		19FADAC62A1042810048C2B7 /* ArticlesTests */ = {
			isa = PBXGroup;
			children = (
				19FADAC72A1042810048C2B7 /* ArticlesTests.swift */,
			);
			path = ArticlesTests;
			sourceTree = "<group>";
		};
/* End PBXGroup section */

/* Begin PBXNativeTarget section */
		191A8ECD2A0FD710000F2893 /* NY Times Articles */ = {
			isa = PBXNativeTarget;
			buildConfigurationList = 191A8EE22A0FD713000F2893 /* Build configuration list for PBXNativeTarget "NY Times Articles" */;
			buildPhases = (
				191A8ECA2A0FD710000F2893 /* Sources */,
				191A8ECB2A0FD710000F2893 /* Frameworks */,
				191A8ECC2A0FD710000F2893 /* Resources */,
			);
			buildRules = (
			);
			dependencies = (
			);
			name = "NY Times Articles";
			productName = "NY Times Articles";
			productReference = 191A8ECE2A0FD710000F2893 /* NY Times Articles.app */;
			productType = "com.apple.product-type.application";
		};
		19FADAC42A1042810048C2B7 /* ArticlesTests */ = {
			isa = PBXNativeTarget;
			buildConfigurationList = 19FADACB2A1042810048C2B7 /* Build configuration list for PBXNativeTarget "ArticlesTests" */;
			buildPhases = (
				19FADAC12A1042810048C2B7 /* Sources */,
				19FADAC22A1042810048C2B7 /* Frameworks */,
				19FADAC32A1042810048C2B7 /* Resources */,
			);
			buildRules = (
			);
			dependencies = (
				19FADACA2A1042810048C2B7 /* PBXTargetDependency */,
			);
			name = ArticlesTests;
			productName = ArticlesTests;
			productReference = 19FADAC52A1042810048C2B7 /* ArticlesTests.xctest */;
			productType = "com.apple.product-type.bundle.unit-test";
		};
/* End PBXNativeTarget section */

/* Begin PBXProject section */
		191A8EC62A0FD710000F2893 /* Project object */ = {
			isa = PBXProject;
			attributes = {
				BuildIndependentTargetsInParallel = 1;
				LastSwiftUpdateCheck = 1420;
				LastUpgradeCheck = 1420;
				TargetAttributes = {
					191A8ECD2A0FD710000F2893 = {
						CreatedOnToolsVersion = 14.2;
					};
					19FADAC42A1042810048C2B7 = {
						CreatedOnToolsVersion = 14.2;
						TestTargetID = 191A8ECD2A0FD710000F2893;
					};
				};
			};
			buildConfigurationList = 191A8EC92A0FD710000F2893 /* Build configuration list for PBXProject "NY Times Articles" */;
			compatibilityVersion = "Xcode 14.0";
			developmentRegion = en;
			hasScannedForEncodings = 0;
			knownRegions = (
				en,
				Base,
			);
			mainGroup = 191A8EC52A0FD710000F2893;
			productRefGroup = 191A8ECF2A0FD710000F2893 /* Products */;
			projectDirPath = "";
			projectRoot = "";
			targets = (
				191A8ECD2A0FD710000F2893 /* NY Times Articles */,
				19FADAC42A1042810048C2B7 /* ArticlesTests */,
			);
		};
/* End PBXProject section */

/* Begin PBXResourcesBuildPhase section */
		191A8ECC2A0FD710000F2893 /* Resources */ = {
			isa = PBXResourcesBuildPhase;
			buildActionMask = 2147483647;
			files = (
				19FADABE2A10364C0048C2B7 /* ArticleTableViewCell.xib in Resources */,
				191A8EDE2A0FD713000F2893 /* LaunchScreen.storyboard in Resources */,
				191A8EEA2A0FD7AC000F2893 /* ArticlesListViewController.xib in Resources */,
				191A8EDB2A0FD713000F2893 /* Assets.xcassets in Resources */,
			);
			runOnlyForDeploymentPostprocessing = 0;
		};
		19FADAC32A1042810048C2B7 /* Resources */ = {
			isa = PBXResourcesBuildPhase;
			buildActionMask = 2147483647;
			files = (
				19FADAD42A1043CE0048C2B7 /* ArticleTableViewCell.xib in Resources */,
				19FADAD62A1043D60048C2B7 /* ArticlesListViewController.xib in Resources */,
			);
			runOnlyForDeploymentPostprocessing = 0;
		};
/* End PBXResourcesBuildPhase section */

/* Begin PBXSourcesBuildPhase section */
		191A8ECA2A0FD710000F2893 /* Sources */ = {
			isa = PBXSourcesBuildPhase;
			buildActionMask = 2147483647;
			files = (
				191A8ED22A0FD710000F2893 /* AppDelegate.swift in Sources */,
				19FADAAC2A100EF70048C2B7 /* MediaMetadata.swift in Sources */,
				19FADA952A0FFBB40048C2B7 /* ArticlesListViewModel.swift in Sources */,
				191A8EE92A0FD7AC000F2893 /* ArticlesListViewController.swift in Sources */,
				19FADAAA2A100EF70048C2B7 /* ArticlesListResponse.swift in Sources */,
				19FADAA32A0FFE070048C2B7 /* ArticlesListUseCase.swift in Sources */,
				19FADA972A0FFBD80048C2B7 /* ArticlesListCoordinator.swift in Sources */,
				19FADAB92A1032340048C2B7 /* Constants.swift in Sources */,
				19FADAB62A102DA70048C2B7 /* URLList.swift in Sources */,
				19FADA9F2A0FFDBB0048C2B7 /* ArticlesListRepo.swift in Sources */,
				19FADABD2A10364C0048C2B7 /* ArticleTableViewCell.swift in Sources */,
				19FADAAB2A100EF70048C2B7 /* Results.swift in Sources */,
				19FADAA52A0FFE7A0048C2B7 /* ArticlesListRepoImpl.swift in Sources */,
				19FADAB32A1027A40048C2B7 /* ArticleUIModel.swift in Sources */,
				19FADAB02A1010C60048C2B7 /* NetworkManager.swift in Sources */,
				19FADAAD2A100EF70048C2B7 /* Media.swift in Sources */,
				191A8ED42A0FD710000F2893 /* SceneDelegate.swift in Sources */,
			);
			runOnlyForDeploymentPostprocessing = 0;
		};
		19FADAC12A1042810048C2B7 /* Sources */ = {
			isa = PBXSourcesBuildPhase;
			buildActionMask = 2147483647;
			files = (
				19FADADE2A1043FE0048C2B7 /* ArticlesListRepoImpl.swift in Sources */,
				19FADAD22A1043BF0048C2B7 /* NetworkManager.swift in Sources */,
				19FADACE2A10434C0048C2B7 /* ArticlesListRepo.swift in Sources */,
				19FADADA2A1043E70048C2B7 /* Media.swift in Sources */,
				19FADAD52A1043D10048C2B7 /* ArticlesListViewController.swift in Sources */,
				19FADAD82A1043DD0048C2B7 /* ArticlesListCoordinator.swift in Sources */,
				19FADAD92A1043E40048C2B7 /* MediaMetadata.swift in Sources */,
				19FADADD2A1043F80048C2B7 /* ArticlesListUseCase.swift in Sources */,
				19FADAD72A1043DA0048C2B7 /* ArticlesListViewModel.swift in Sources */,
				19FADACF2A1043B10048C2B7 /* ArticlesListResponse.swift in Sources */,
				19FADAD12A1043BC0048C2B7 /* URLList.swift in Sources */,
				19FADADB2A1043EB0048C2B7 /* Results.swift in Sources */,
				19FADADC2A1043F20048C2B7 /* ArticleUIModel.swift in Sources */,
				19FADAC82A1042810048C2B7 /* ArticlesTests.swift in Sources */,
				19FADAD32A1043C40048C2B7 /* ArticleTableViewCell.swift in Sources */,
				19FADAD02A1043B60048C2B7 /* Constants.swift in Sources */,
			);
			runOnlyForDeploymentPostprocessing = 0;
		};
/* End PBXSourcesBuildPhase section */

/* Begin PBXTargetDependency section */
		19FADACA2A1042810048C2B7 /* PBXTargetDependency */ = {
			isa = PBXTargetDependency;
			target = 191A8ECD2A0FD710000F2893 /* NY Times Articles */;
			targetProxy = 19FADAC92A1042810048C2B7 /* PBXContainerItemProxy */;
		};
/* End PBXTargetDependency section */

/* Begin PBXVariantGroup section */
		191A8EDC2A0FD713000F2893 /* LaunchScreen.storyboard */ = {
			isa = PBXVariantGroup;
			children = (
				191A8EDD2A0FD713000F2893 /* Base */,
			);
			name = LaunchScreen.storyboard;
			sourceTree = "<group>";
		};
/* End PBXVariantGroup section */

/* Begin XCBuildConfiguration section */
		191A8EE02A0FD713000F2893 /* Debug */ = {
			isa = XCBuildConfiguration;
			buildSettings = {
				ALWAYS_SEARCH_USER_PATHS = NO;
				CLANG_ANALYZER_NONNULL = YES;
				CLANG_ANALYZER_NUMBER_OBJECT_CONVERSION = YES_AGGRESSIVE;
				CLANG_CXX_LANGUAGE_STANDARD = "gnu++20";
				CLANG_ENABLE_MODULES = YES;
				CLANG_ENABLE_OBJC_ARC = YES;
				CLANG_ENABLE_OBJC_WEAK = YES;
				CLANG_WARN_BLOCK_CAPTURE_AUTORELEASING = YES;
				CLANG_WARN_BOOL_CONVERSION = YES;
				CLANG_WARN_COMMA = YES;
				CLANG_WARN_CONSTANT_CONVERSION = YES;
				CLANG_WARN_DEPRECATED_OBJC_IMPLEMENTATIONS = YES;
				CLANG_WARN_DIRECT_OBJC_ISA_USAGE = YES_ERROR;
				CLANG_WARN_DOCUMENTATION_COMMENTS = YES;
				CLANG_WARN_EMPTY_BODY = YES;
				CLANG_WARN_ENUM_CONVERSION = YES;
				CLANG_WARN_INFINITE_RECURSION = YES;
				CLANG_WARN_INT_CONVERSION = YES;
				CLANG_WARN_NON_LITERAL_NULL_CONVERSION = YES;
				CLANG_WARN_OBJC_IMPLICIT_RETAIN_SELF = YES;
				CLANG_WARN_OBJC_LITERAL_CONVERSION = YES;
				CLANG_WARN_OBJC_ROOT_CLASS = YES_ERROR;
				CLANG_WARN_QUOTED_INCLUDE_IN_FRAMEWORK_HEADER = YES;
				CLANG_WARN_RANGE_LOOP_ANALYSIS = YES;
				CLANG_WARN_STRICT_PROTOTYPES = YES;
				CLANG_WARN_SUSPICIOUS_MOVE = YES;
				CLANG_WARN_UNGUARDED_AVAILABILITY = YES_AGGRESSIVE;
				CLANG_WARN_UNREACHABLE_CODE = YES;
				CLANG_WARN__DUPLICATE_METHOD_MATCH = YES;
				COPY_PHASE_STRIP = NO;
				DEBUG_INFORMATION_FORMAT = dwarf;
				ENABLE_STRICT_OBJC_MSGSEND = YES;
				ENABLE_TESTABILITY = YES;
				GCC_C_LANGUAGE_STANDARD = gnu11;
				GCC_DYNAMIC_NO_PIC = NO;
				GCC_NO_COMMON_BLOCKS = YES;
				GCC_OPTIMIZATION_LEVEL = 0;
				GCC_PREPROCESSOR_DEFINITIONS = (
					"DEBUG=1",
					"$(inherited)",
				);
				GCC_WARN_64_TO_32_BIT_CONVERSION = YES;
				GCC_WARN_ABOUT_RETURN_TYPE = YES_ERROR;
				GCC_WARN_UNDECLARED_SELECTOR = YES;
				GCC_WARN_UNINITIALIZED_AUTOS = YES_AGGRESSIVE;
				GCC_WARN_UNUSED_FUNCTION = YES;
				GCC_WARN_UNUSED_VARIABLE = YES;
				IPHONEOS_DEPLOYMENT_TARGET = 16.2;
				MTL_ENABLE_DEBUG_INFO = INCLUDE_SOURCE;
				MTL_FAST_MATH = YES;
				ONLY_ACTIVE_ARCH = YES;
				SDKROOT = iphoneos;
				SWIFT_ACTIVE_COMPILATION_CONDITIONS = DEBUG;
				SWIFT_OPTIMIZATION_LEVEL = "-Onone";
			};
			name = Debug;
		};
		191A8EE12A0FD713000F2893 /* Release */ = {
			isa = XCBuildConfiguration;
			buildSettings = {
				ALWAYS_SEARCH_USER_PATHS = NO;
				CLANG_ANALYZER_NONNULL = YES;
				CLANG_ANALYZER_NUMBER_OBJECT_CONVERSION = YES_AGGRESSIVE;
				CLANG_CXX_LANGUAGE_STANDARD = "gnu++20";
				CLANG_ENABLE_MODULES = YES;
				CLANG_ENABLE_OBJC_ARC = YES;
				CLANG_ENABLE_OBJC_WEAK = YES;
				CLANG_WARN_BLOCK_CAPTURE_AUTORELEASING = YES;
				CLANG_WARN_BOOL_CONVERSION = YES;
				CLANG_WARN_COMMA = YES;
				CLANG_WARN_CONSTANT_CONVERSION = YES;
				CLANG_WARN_DEPRECATED_OBJC_IMPLEMENTATIONS = YES;
				CLANG_WARN_DIRECT_OBJC_ISA_USAGE = YES_ERROR;
				CLANG_WARN_DOCUMENTATION_COMMENTS = YES;
				CLANG_WARN_EMPTY_BODY = YES;
				CLANG_WARN_ENUM_CONVERSION = YES;
				CLANG_WARN_INFINITE_RECURSION = YES;
				CLANG_WARN_INT_CONVERSION = YES;
				CLANG_WARN_NON_LITERAL_NULL_CONVERSION = YES;
				CLANG_WARN_OBJC_IMPLICIT_RETAIN_SELF = YES;
				CLANG_WARN_OBJC_LITERAL_CONVERSION = YES;
				CLANG_WARN_OBJC_ROOT_CLASS = YES_ERROR;
				CLANG_WARN_QUOTED_INCLUDE_IN_FRAMEWORK_HEADER = YES;
				CLANG_WARN_RANGE_LOOP_ANALYSIS = YES;
				CLANG_WARN_STRICT_PROTOTYPES = YES;
				CLANG_WARN_SUSPICIOUS_MOVE = YES;
				CLANG_WARN_UNGUARDED_AVAILABILITY = YES_AGGRESSIVE;
				CLANG_WARN_UNREACHABLE_CODE = YES;
				CLANG_WARN__DUPLICATE_METHOD_MATCH = YES;
				COPY_PHASE_STRIP = NO;
				DEBUG_INFORMATION_FORMAT = "dwarf-with-dsym";
				ENABLE_NS_ASSERTIONS = NO;
				ENABLE_STRICT_OBJC_MSGSEND = YES;
				GCC_C_LANGUAGE_STANDARD = gnu11;
				GCC_NO_COMMON_BLOCKS = YES;
				GCC_WARN_64_TO_32_BIT_CONVERSION = YES;
				GCC_WARN_ABOUT_RETURN_TYPE = YES_ERROR;
				GCC_WARN_UNDECLARED_SELECTOR = YES;
				GCC_WARN_UNINITIALIZED_AUTOS = YES_AGGRESSIVE;
				GCC_WARN_UNUSED_FUNCTION = YES;
				GCC_WARN_UNUSED_VARIABLE = YES;
				IPHONEOS_DEPLOYMENT_TARGET = 16.2;
				MTL_ENABLE_DEBUG_INFO = NO;
				MTL_FAST_MATH = YES;
				SDKROOT = iphoneos;
				SWIFT_COMPILATION_MODE = wholemodule;
				SWIFT_OPTIMIZATION_LEVEL = "-O";
				VALIDATE_PRODUCT = YES;
			};
			name = Release;
		};
		191A8EE32A0FD713000F2893 /* Debug */ = {
			isa = XCBuildConfiguration;
			buildSettings = {
				ASSETCATALOG_COMPILER_APPICON_NAME = AppIcon;
				ASSETCATALOG_COMPILER_GLOBAL_ACCENT_COLOR_NAME = AccentColor;
				CODE_SIGN_STYLE = Automatic;
				CURRENT_PROJECT_VERSION = 1;
				GENERATE_INFOPLIST_FILE = YES;
				INFOPLIST_FILE = "NY Times Articles/Info.plist";
				INFOPLIST_KEY_UIApplicationSupportsIndirectInputEvents = YES;
				INFOPLIST_KEY_UILaunchStoryboardName = LaunchScreen.storyboard;
				INFOPLIST_KEY_UIStatusBarStyle = "";
				INFOPLIST_KEY_UISupportedInterfaceOrientations_iPad = "UIInterfaceOrientationPortrait UIInterfaceOrientationPortraitUpsideDown UIInterfaceOrientationLandscapeLeft UIInterfaceOrientationLandscapeRight";
				INFOPLIST_KEY_UISupportedInterfaceOrientations_iPhone = "UIInterfaceOrientationPortrait UIInterfaceOrientationLandscapeLeft UIInterfaceOrientationLandscapeRight";
				LD_RUNPATH_SEARCH_PATHS = (
					"$(inherited)",
					"@executable_path/Frameworks",
				);
				MARKETING_VERSION = 1.0;
				PRODUCT_BUNDLE_IDENTIFIER = "com.b.first.NY-Times-Articles";
				PRODUCT_NAME = "$(TARGET_NAME)";
				SWIFT_EMIT_LOC_STRINGS = YES;
				SWIFT_VERSION = 5.0;
				TARGETED_DEVICE_FAMILY = "1,2";
			};
			name = Debug;
		};
		191A8EE42A0FD713000F2893 /* Release */ = {
			isa = XCBuildConfiguration;
			buildSettings = {
				ASSETCATALOG_COMPILER_APPICON_NAME = AppIcon;
				ASSETCATALOG_COMPILER_GLOBAL_ACCENT_COLOR_NAME = AccentColor;
				CODE_SIGN_STYLE = Automatic;
				CURRENT_PROJECT_VERSION = 1;
				GENERATE_INFOPLIST_FILE = YES;
				INFOPLIST_FILE = "NY Times Articles/Info.plist";
				INFOPLIST_KEY_UIApplicationSupportsIndirectInputEvents = YES;
				INFOPLIST_KEY_UILaunchStoryboardName = LaunchScreen.storyboard;
				INFOPLIST_KEY_UIStatusBarStyle = "";
				INFOPLIST_KEY_UISupportedInterfaceOrientations_iPad = "UIInterfaceOrientationPortrait UIInterfaceOrientationPortraitUpsideDown UIInterfaceOrientationLandscapeLeft UIInterfaceOrientationLandscapeRight";
				INFOPLIST_KEY_UISupportedInterfaceOrientations_iPhone = "UIInterfaceOrientationPortrait UIInterfaceOrientationLandscapeLeft UIInterfaceOrientationLandscapeRight";
				LD_RUNPATH_SEARCH_PATHS = (
					"$(inherited)",
					"@executable_path/Frameworks",
				);
				MARKETING_VERSION = 1.0;
				PRODUCT_BUNDLE_IDENTIFIER = "com.b.first.NY-Times-Articles";
				PRODUCT_NAME = "$(TARGET_NAME)";
				SWIFT_EMIT_LOC_STRINGS = YES;
				SWIFT_VERSION = 5.0;
				TARGETED_DEVICE_FAMILY = "1,2";
			};
			name = Release;
		};
		19FADACC2A1042810048C2B7 /* Debug */ = {
			isa = XCBuildConfiguration;
			buildSettings = {
				BUNDLE_LOADER = "$(TEST_HOST)";
				CODE_SIGN_STYLE = Automatic;
				CURRENT_PROJECT_VERSION = 1;
				GENERATE_INFOPLIST_FILE = YES;
				MARKETING_VERSION = 1.0;
				PRODUCT_BUNDLE_IDENTIFIER = com.b.first.ArticlesTests;
				PRODUCT_NAME = "$(TARGET_NAME)";
				SWIFT_EMIT_LOC_STRINGS = NO;
				SWIFT_VERSION = 5.0;
				TARGETED_DEVICE_FAMILY = "1,2";
				TEST_HOST = "$(BUILT_PRODUCTS_DIR)/NY Times Articles.app/$(BUNDLE_EXECUTABLE_FOLDER_PATH)/NY Times Articles";
			};
			name = Debug;
		};
		19FADACD2A1042810048C2B7 /* Release */ = {
			isa = XCBuildConfiguration;
			buildSettings = {
				BUNDLE_LOADER = "$(TEST_HOST)";
				CODE_SIGN_STYLE = Automatic;
				CURRENT_PROJECT_VERSION = 1;
				GENERATE_INFOPLIST_FILE = YES;
				MARKETING_VERSION = 1.0;
				PRODUCT_BUNDLE_IDENTIFIER = com.b.first.ArticlesTests;
				PRODUCT_NAME = "$(TARGET_NAME)";
				SWIFT_EMIT_LOC_STRINGS = NO;
				SWIFT_VERSION = 5.0;
				TARGETED_DEVICE_FAMILY = "1,2";
				TEST_HOST = "$(BUILT_PRODUCTS_DIR)/NY Times Articles.app/$(BUNDLE_EXECUTABLE_FOLDER_PATH)/NY Times Articles";
			};
			name = Release;
		};
/* End XCBuildConfiguration section */

/* Begin XCConfigurationList section */
		191A8EC92A0FD710000F2893 /* Build configuration list for PBXProject "NY Times Articles" */ = {
			isa = XCConfigurationList;
			buildConfigurations = (
				191A8EE02A0FD713000F2893 /* Debug */,
				191A8EE12A0FD713000F2893 /* Release */,
			);
			defaultConfigurationIsVisible = 0;
			defaultConfigurationName = Release;
		};
		191A8EE22A0FD713000F2893 /* Build configuration list for PBXNativeTarget "NY Times Articles" */ = {
			isa = XCConfigurationList;
			buildConfigurations = (
				191A8EE32A0FD713000F2893 /* Debug */,
				191A8EE42A0FD713000F2893 /* Release */,
			);
			defaultConfigurationIsVisible = 0;
			defaultConfigurationName = Release;
		};
		19FADACB2A1042810048C2B7 /* Build configuration list for PBXNativeTarget "ArticlesTests" */ = {
			isa = XCConfigurationList;
			buildConfigurations = (
				19FADACC2A1042810048C2B7 /* Debug */,
				19FADACD2A1042810048C2B7 /* Release */,
			);
			defaultConfigurationIsVisible = 0;
			defaultConfigurationName = Release;
		};
/* End XCConfigurationList section */
	};
	rootObject = 191A8EC62A0FD710000F2893 /* Project object */;
}
